
Microsoft Visual Studio Solution File, Format Version 11.00
# Visual Studio 2010
Project("{FAE04EC0-301F-11D3-BF4B-00C04F79EFBC}") = "TTTV_Host", "TTTV_Host\TTTV_Host.csproj", "{52C51D6E-0B3D-489A-93A8-D33C51739CDA}"
EndProject
Global
	GlobalSection(SolutionConfigurationPlatforms) = preSolution
		Debug|x86 = Debug|x86
		Release|x86 = Release|x86
	EndGlobalSection
	GlobalSection(ProjectConfigurationPlatforms) = postSolution
		{52C51D6E-0B3D-489A-93A8-D33C51739CDA}.Debug|x86.ActiveCfg = Debug|x86
		{52C51D6E-0B3D-489A-93A8-D33C51739CDA}.Debug|x86.Build.0 = Debug|x86
		{52C51D6E-0B3D-489A-93A8-D33C51739CDA}.Release|x86.ActiveCfg = Release|x86
		{52C51D6E-0B3D-489A-93A8-D33C51739CDA}.Release|x86.Build.0 = Release|x86
	EndGlobalSection
	GlobalSection(SolutionProperties) = preSolution
		HideSolutionNode = FALSE
	EndGlobalSection
EndGlobal
